
Microsoft Visual Studio Solution File, Format Version 12.00
# Visual Studio Version 17
VisualStudioVersion = 17.7.34221.43
MinimumVisualStudioVersion = 10.0.40219.1
Project("{FAE04EC0-301F-11D3-BF4B-00C04F79EFBC}") = "api.lb11", "api.lb11.csproj", "{5693070B-F950-4A60-84DE-0E8865AED2D9}"
EndProject
Global
	GlobalSection(SolutionConfigurationPlatforms) = preSolution
		Debug|Any CPU = Debug|Any CPU
		Release|Any CPU = Release|Any CPU
	EndGlobalSection
	GlobalSection(ProjectConfigurationPlatforms) = postSolution
		{5693070B-F950-4A60-84DE-0E8865AED2D9}.Debug|Any CPU.ActiveCfg = Debug|Any CPU
		{5693070B-F950-4A60-84DE-0E8865AED2D9}.Debug|Any CPU.Build.0 = Debug|Any CPU
		{5693070B-F950-4A60-84DE-0E8865AED2D9}.Release|Any CPU.ActiveCfg = Release|Any CPU
		{5693070B-F950-4A60-84DE-0E8865AED2D9}.Release|Any CPU.Build.0 = Release|Any CPU
	EndGlobalSection
	GlobalSection(SolutionProperties) = preSolution
		HideSolutionNode = FALSE
	EndGlobalSection
	GlobalSection(ExtensibilityGlobals) = postSolution
		SolutionGuid = {72F28D9B-E9B6-4628-B6BE-855CD0FECA2A}
	EndGlobalSection
EndGlobal
